{
  "name": "public",
  "version": "1.0.0",
  "lockfileVersion": 1,
  "requires": true,
  "dependencies": {
    "angular": {
      "version": "1.6.10",
      "resolved": "https://registry.npmjs.org/angular/-/angular-1.6.10.tgz",
      "integrity": "sha512-PCZ5/hVdvPQiYyH0VwsPjrErPHRcITnaXxhksceOXgtJeesKHLA7KDu4X/yvcAi+1zdGgGF+9pDxkJvghXI9Wg=="
    },
    "angular-route": {
      "version": "1.6.10",
      "resolved": "https://registry.npmjs.org/angular-route/-/angular-route-1.6.10.tgz",
      "integrity": "sha512-BxjrjQNCbVqQKyB3nHjNI8zSUwhnQWFZnSBv5BZ336VbMKhWu74ad5xpFx5VMk6WyHlmMGDoRagzB6AKkRcvKA=="
    },
    "bootstrap": {
      "version": "3.3.7",
      "resolved": "https://registry.npmjs.org/bootstrap/-/bootstrap-3.3.7.tgz",
      "integrity": "sha1-WjiTlFSfIzMIdaOxUGVldPip63E="
    },
    "jquery": {
      "version": "2.2.4",
      "resolved": "https://registry.npmjs.org/jquery/-/jquery-2.2.4.tgz",
      "integrity": "sha1-LInWiJterFIqfuoywUUhVZxsvwI="
    },
    "lodash": {
      "version": "4.17.10",
      "resolved": "https://registry.npmjs.org/lodash/-/lodash-4.17.10.tgz",
      "integrity": "sha512-UejweD1pDoXu+AD825lWwp4ZGtSwgnpZxb3JDViD7StjQz+Nb/6l093lx4OQ0foGWNRoc19mWy7BzL+UAK2iVg=="
    },
    "moment": {
      "version": "2.17.1",
      "resolved": "https://registry.npmjs.org/moment/-/moment-2.17.1.tgz",
      "integrity": "sha1-/tlQYGPzaxDwZsi1mhRNf66+HYI="
    }
  }
}
